// !$*UTF8*$!
{
	archiveVersion = 1;
	classes = {
	};
	objectVersion = 55;
	objects = {

/* Begin PBXBuildFile section */
		19A4700927C2C445005702CC /* LandingView.swift in Sources */ = {isa = PBXBuildFile; fileRef = 19A4700827C2C445005702CC /* LandingView.swift */; };
		19A4700B27C32D0E005702CC /* Service.swift in Sources */ = {isa = PBXBuildFile; fileRef = 19A4700A27C32D0E005702CC /* Service.swift */; };
		19B30CD32799E2B600E8AB57 /* digidApp.swift in Sources */ = {isa = PBXBuildFile; fileRef = 19B30CD22799E2B600E8AB57 /* digidApp.swift */; };
		19B30CD52799E2B600E8AB57 /* LoginView.swift in Sources */ = {isa = PBXBuildFile; fileRef = 19B30CD42799E2B600E8AB57 /* LoginView.swift */; };
		19B30CD72799E2B700E8AB57 /* Assets.xcassets in Resources */ = {isa = PBXBuildFile; fileRef = 19B30CD62799E2B700E8AB57 /* Assets.xcassets */; };
		19B30CDA2799E2B700E8AB57 /* Preview Assets.xcassets in Resources */ = {isa = PBXBuildFile; fileRef = 19B30CD92799E2B700E8AB57 /* Preview Assets.xcassets */; };
		9AEF91C66C7D2CFE1EB12CDA /* Pods_digid.framework in Frameworks */ = {isa = PBXBuildFile; fileRef = EB805513191C6076A2343C67 /* Pods_digid.framework */; };
		F73CCE9427C9B59400E845F1 /* GoogleService-Info.plist in Resources */ = {isa = PBXBuildFile; fileRef = F73CCE9327C9B59400E845F1 /* GoogleService-Info.plist */; };
		F746AA2127C3339D009B1B02 /* QRView.swift in Sources */ = {isa = PBXBuildFile; fileRef = F746AA2027C3339D009B1B02 /* QRView.swift */; };
		F78FF9CE27CEE4EC00C62EBC /* LocationView.swift in Sources */ = {isa = PBXBuildFile; fileRef = F78FF9CD27CEE4EC00C62EBC /* LocationView.swift */; };
		F7B2A94A280B94EC0014260D /* CapacityView.swift in Sources */ = {isa = PBXBuildFile; fileRef = F7B2A949280B94EC0014260D /* CapacityView.swift */; };
		F7C6CFB627E66DD40090DA10 /* DiningHallView.swift in Sources */ = {isa = PBXBuildFile; fileRef = F7C6CFB527E66DD40090DA10 /* DiningHallView.swift */; };
		F7C6CFB827E66E420090DA10 /* GymView.swift in Sources */ = {isa = PBXBuildFile; fileRef = F7C6CFB727E66E420090DA10 /* GymView.swift */; };
/* End PBXBuildFile section */

/* Begin PBXFileReference section */
		0B4E2685BFCA74C189EFAD69 /* Pods-digid.release.xcconfig */ = {isa = PBXFileReference; includeInIndex = 1; lastKnownFileType = text.xcconfig; name = "Pods-digid.release.xcconfig"; path = "Target Support Files/Pods-digid/Pods-digid.release.xcconfig"; sourceTree = "<group>"; };
		19A4700827C2C445005702CC /* LandingView.swift */ = {isa = PBXFileReference; lastKnownFileType = sourcecode.swift; path = LandingView.swift; sourceTree = "<group>"; };
		19A4700A27C32D0E005702CC /* Service.swift */ = {isa = PBXFileReference; lastKnownFileType = sourcecode.swift; path = Service.swift; sourceTree = "<group>"; };
		19B30CCF2799E2B600E8AB57 /* digid.app */ = {isa = PBXFileReference; explicitFileType = wrapper.application; includeInIndex = 0; path = digid.app; sourceTree = BUILT_PRODUCTS_DIR; };
		19B30CD22799E2B600E8AB57 /* digidApp.swift */ = {isa = PBXFileReference; lastKnownFileType = sourcecode.swift; path = digidApp.swift; sourceTree = "<group>"; };
		19B30CD42799E2B600E8AB57 /* LoginView.swift */ = {isa = PBXFileReference; lastKnownFileType = sourcecode.swift; path = LoginView.swift; sourceTree = "<group>"; };
		19B30CD62799E2B700E8AB57 /* Assets.xcassets */ = {isa = PBXFileReference; lastKnownFileType = folder.assetcatalog; path = Assets.xcassets; sourceTree = "<group>"; };
		19B30CD92799E2B700E8AB57 /* Preview Assets.xcassets */ = {isa = PBXFileReference; lastKnownFileType = folder.assetcatalog; path = "Preview Assets.xcassets"; sourceTree = "<group>"; };
		4A6C40770332923D89C5774C /* Pods-digid.debug.xcconfig */ = {isa = PBXFileReference; includeInIndex = 1; lastKnownFileType = text.xcconfig; name = "Pods-digid.debug.xcconfig"; path = "Target Support Files/Pods-digid/Pods-digid.debug.xcconfig"; sourceTree = "<group>"; };
		EB805513191C6076A2343C67 /* Pods_digid.framework */ = {isa = PBXFileReference; explicitFileType = wrapper.framework; includeInIndex = 0; path = Pods_digid.framework; sourceTree = BUILT_PRODUCTS_DIR; };
		F73CCE9327C9B59400E845F1 /* GoogleService-Info.plist */ = {isa = PBXFileReference; fileEncoding = 4; lastKnownFileType = text.plist.xml; path = "GoogleService-Info.plist"; sourceTree = "<group>"; };
		F746AA2027C3339D009B1B02 /* QRView.swift */ = {isa = PBXFileReference; lastKnownFileType = sourcecode.swift; path = QRView.swift; sourceTree = "<group>"; };
		F78FF9CD27CEE4EC00C62EBC /* LocationView.swift */ = {isa = PBXFileReference; lastKnownFileType = sourcecode.swift; path = LocationView.swift; sourceTree = "<group>"; };
		F7B2A949280B94EC0014260D /* CapacityView.swift */ = {isa = PBXFileReference; lastKnownFileType = sourcecode.swift; path = CapacityView.swift; sourceTree = "<group>"; };
		F7C6CFB527E66DD40090DA10 /* DiningHallView.swift */ = {isa = PBXFileReference; lastKnownFileType = sourcecode.swift; path = DiningHallView.swift; sourceTree = "<group>"; };
		F7C6CFB727E66E420090DA10 /* GymView.swift */ = {isa = PBXFileReference; lastKnownFileType = sourcecode.swift; path = GymView.swift; sourceTree = "<group>"; };
/* End PBXFileReference section */

/* Begin PBXFrameworksBuildPhase section */
		19B30CCC2799E2B600E8AB57 /* Frameworks */ = {
			isa = PBXFrameworksBuildPhase;
			buildActionMask = 2147483647;
			files = (
				9AEF91C66C7D2CFE1EB12CDA /* Pods_digid.framework in Frameworks */,
			);
			runOnlyForDeploymentPostprocessing = 0;
		};
/* End PBXFrameworksBuildPhase section */

/* Begin PBXGroup section */
		19B30CC62799E2B600E8AB57 = {
			isa = PBXGroup;
			children = (
				19B30CD12799E2B600E8AB57 /* digid */,
				19B30CD02799E2B600E8AB57 /* Products */,
				9422C810046089F62E701643 /* Pods */,
				AF7A054A3B259DBD5AB5042F /* Frameworks */,
			);
			sourceTree = "<group>";
		};
		19B30CD02799E2B600E8AB57 /* Products */ = {
			isa = PBXGroup;
			children = (
				19B30CCF2799E2B600E8AB57 /* digid.app */,
			);
			name = Products;
			sourceTree = "<group>";
		};
		19B30CD12799E2B600E8AB57 /* digid */ = {
			isa = PBXGroup;
			children = (
				F73CCE9327C9B59400E845F1 /* GoogleService-Info.plist */,
				19B30CD22799E2B600E8AB57 /* digidApp.swift */,
				19A4700A27C32D0E005702CC /* Service.swift */,
				19B30CD42799E2B600E8AB57 /* LoginView.swift */,
				19A4700827C2C445005702CC /* LandingView.swift */,
				F7B2A949280B94EC0014260D /* CapacityView.swift */,
				F78FF9CD27CEE4EC00C62EBC /* LocationView.swift */,
				F7C6CFB527E66DD40090DA10 /* DiningHallView.swift */,
				F7C6CFB727E66E420090DA10 /* GymView.swift */,
				F746AA2027C3339D009B1B02 /* QRView.swift */,
				19B30CD62799E2B700E8AB57 /* Assets.xcassets */,
				19B30CD82799E2B700E8AB57 /* Preview Content */,
			);
			path = digid;
			sourceTree = "<group>";
		};
		19B30CD82799E2B700E8AB57 /* Preview Content */ = {
			isa = PBXGroup;
			children = (
				19B30CD92799E2B700E8AB57 /* Preview Assets.xcassets */,
			);
			path = "Preview Content";
			sourceTree = "<group>";
		};
		9422C810046089F62E701643 /* Pods */ = {
			isa = PBXGroup;
			children = (
				4A6C40770332923D89C5774C /* Pods-digid.debug.xcconfig */,
				0B4E2685BFCA74C189EFAD69 /* Pods-digid.release.xcconfig */,
			);
			path = Pods;
			sourceTree = "<group>";
		};
		AF7A054A3B259DBD5AB5042F /* Frameworks */ = {
			isa = PBXGroup;
			children = (
				EB805513191C6076A2343C67 /* Pods_digid.framework */,
			);
			name = Frameworks;
			sourceTree = "<group>";
		};
/* End PBXGroup section */

/* Begin PBXNativeTarget section */
		19B30CCE2799E2B600E8AB57 /* digid */ = {
			isa = PBXNativeTarget;
			buildConfigurationList = 19B30CDD2799E2B700E8AB57 /* Build configuration list for PBXNativeTarget "digid" */;
			buildPhases = (
				0336E36ACBF4539F3726B9E1 /* [CP] Check Pods Manifest.lock */,
				19B30CCB2799E2B600E8AB57 /* Sources */,
				19B30CCC2799E2B600E8AB57 /* Frameworks */,
				19B30CCD2799E2B600E8AB57 /* Resources */,
				6468FE2D1C8E069B45DA4267 /* [CP] Embed Pods Frameworks */,
			);
			buildRules = (
			);
			dependencies = (
			);
			name = digid;
			packageProductDependencies = (
			);
			productName = digid;
			productReference = 19B30CCF2799E2B600E8AB57 /* digid.app */;
			productType = "com.apple.product-type.application";
		};
/* End PBXNativeTarget section */

/* Begin PBXProject section */
		19B30CC72799E2B600E8AB57 /* Project object */ = {
			isa = PBXProject;
			attributes = {
				BuildIndependentTargetsInParallel = 1;
				LastSwiftUpdateCheck = 1320;
				LastUpgradeCheck = 1320;
				TargetAttributes = {
					19B30CCE2799E2B600E8AB57 = {
						CreatedOnToolsVersion = 13.2.1;
					};
				};
			};
			buildConfigurationList = 19B30CCA2799E2B600E8AB57 /* Build configuration list for PBXProject "digid" */;
			compatibilityVersion = "Xcode 13.0";
			developmentRegion = en;
			hasScannedForEncodings = 0;
			knownRegions = (
				en,
				Base,
			);
			mainGroup = 19B30CC62799E2B600E8AB57;
			packageReferences = (
			);
			productRefGroup = 19B30CD02799E2B600E8AB57 /* Products */;
			projectDirPath = "";
			projectRoot = "";
			targets = (
				19B30CCE2799E2B600E8AB57 /* digid */,
			);
		};
/* End PBXProject section */

/* Begin PBXResourcesBuildPhase section */
		19B30CCD2799E2B600E8AB57 /* Resources */ = {
			isa = PBXResourcesBuildPhase;
			buildActionMask = 2147483647;
			files = (
				F73CCE9427C9B59400E845F1 /* GoogleService-Info.plist in Resources */,
				19B30CDA2799E2B700E8AB57 /* Preview Assets.xcassets in Resources */,
				19B30CD72799E2B700E8AB57 /* Assets.xcassets in Resources */,
			);
			runOnlyForDeploymentPostprocessing = 0;
		};
/* End PBXResourcesBuildPhase section */

/* Begin PBXShellScriptBuildPhase section */
		0336E36ACBF4539F3726B9E1 /* [CP] Check Pods Manifest.lock */ = {
			isa = PBXShellScriptBuildPhase;
			buildActionMask = 2147483647;
			files = (
			);
			inputFileListPaths = (
			);
			inputPaths = (
				"${PODS_PODFILE_DIR_PATH}/Podfile.lock",
				"${PODS_ROOT}/Manifest.lock",
			);
			name = "[CP] Check Pods Manifest.lock";
			outputFileListPaths = (
			);
			outputPaths = (
				"$(DERIVED_FILE_DIR)/Pods-digid-checkManifestLockResult.txt",
			);
			runOnlyForDeploymentPostprocessing = 0;
			shellPath = /bin/sh;
			shellScript = "diff \"${PODS_PODFILE_DIR_PATH}/Podfile.lock\" \"${PODS_ROOT}/Manifest.lock\" > /dev/null\nif [ $? != 0 ] ; then\n    # print error to STDERR\n    echo \"error: The sandbox is not in sync with the Podfile.lock. Run 'pod install' or update your CocoaPods installation.\" >&2\n    exit 1\nfi\n# This output is used by Xcode 'outputs' to avoid re-running this script phase.\necho \"SUCCESS\" > \"${SCRIPT_OUTPUT_FILE_0}\"\n";
			showEnvVarsInLog = 0;
		};
		6468FE2D1C8E069B45DA4267 /* [CP] Embed Pods Frameworks */ = {
			isa = PBXShellScriptBuildPhase;
			buildActionMask = 2147483647;
			files = (
			);
			inputFileListPaths = (
				"${PODS_ROOT}/Target Support Files/Pods-digid/Pods-digid-frameworks-${CONFIGURATION}-input-files.xcfilelist",
			);
			name = "[CP] Embed Pods Frameworks";
			outputFileListPaths = (
				"${PODS_ROOT}/Target Support Files/Pods-digid/Pods-digid-frameworks-${CONFIGURATION}-output-files.xcfilelist",
			);
			runOnlyForDeploymentPostprocessing = 0;
			shellPath = /bin/sh;
			shellScript = "\"${PODS_ROOT}/Target Support Files/Pods-digid/Pods-digid-frameworks.sh\"\n";
			showEnvVarsInLog = 0;
		};
/* End PBXShellScriptBuildPhase section */

/* Begin PBXSourcesBuildPhase section */
		19B30CCB2799E2B600E8AB57 /* Sources */ = {
			isa = PBXSourcesBuildPhase;
			buildActionMask = 2147483647;
			files = (
				F7C6CFB827E66E420090DA10 /* GymView.swift in Sources */,
				F7B2A94A280B94EC0014260D /* CapacityView.swift in Sources */,
				F7C6CFB627E66DD40090DA10 /* DiningHallView.swift in Sources */,
				19B30CD52799E2B600E8AB57 /* LoginView.swift in Sources */,
				F78FF9CE27CEE4EC00C62EBC /* LocationView.swift in Sources */,
				19A4700B27C32D0E005702CC /* Service.swift in Sources */,
				19A4700927C2C445005702CC /* LandingView.swift in Sources */,
				F746AA2127C3339D009B1B02 /* QRView.swift in Sources */,
				19B30CD32799E2B600E8AB57 /* digidApp.swift in Sources */,
			);
			runOnlyForDeploymentPostprocessing = 0;
		};
/* End PBXSourcesBuildPhase section */

/* Begin XCBuildConfiguration section */
		19B30CDB2799E2B700E8AB57 /* Debug */ = {
			isa = XCBuildConfiguration;
			buildSettings = {
				ALWAYS_SEARCH_USER_PATHS = NO;
				CLANG_ANALYZER_NONNULL = YES;
				CLANG_ANALYZER_NUMBER_OBJECT_CONVERSION = YES_AGGRESSIVE;
				CLANG_CXX_LANGUAGE_STANDARD = "gnu++17";
				CLANG_CXX_LIBRARY = "libc++";
				CLANG_ENABLE_MODULES = YES;
				CLANG_ENABLE_OBJC_ARC = YES;
				CLANG_ENABLE_OBJC_WEAK = YES;
				CLANG_WARN_BLOCK_CAPTURE_AUTORELEASING = YES;
				CLANG_WARN_BOOL_CONVERSION = YES;
				CLANG_WARN_COMMA = YES;
				CLANG_WARN_CONSTANT_CONVERSION = YES;
				CLANG_WARN_DEPRECATED_OBJC_IMPLEMENTATIONS = YES;
				CLANG_WARN_DIRECT_OBJC_ISA_USAGE = YES_ERROR;
				CLANG_WARN_DOCUMENTATION_COMMENTS = YES;
				CLANG_WARN_EMPTY_BODY = YES;
				CLANG_WARN_ENUM_CONVERSION = YES;
				CLANG_WARN_INFINITE_RECURSION = YES;
				CLANG_WARN_INT_CONVERSION = YES;
				CLANG_WARN_NON_LITERAL_NULL_CONVERSION = YES;
				CLANG_WARN_OBJC_IMPLICIT_RETAIN_SELF = YES;
				CLANG_WARN_OBJC_LITERAL_CONVERSION = YES;
				CLANG_WARN_OBJC_ROOT_CLASS = YES_ERROR;
				CLANG_WARN_QUOTED_INCLUDE_IN_FRAMEWORK_HEADER = YES;
				CLANG_WARN_RANGE_LOOP_ANALYSIS = YES;
				CLANG_WARN_STRICT_PROTOTYPES = YES;
				CLANG_WARN_SUSPICIOUS_MOVE = YES;
				CLANG_WARN_UNGUARDED_AVAILABILITY = YES_AGGRESSIVE;
				CLANG_WARN_UNREACHABLE_CODE = YES;
				CLANG_WARN__DUPLICATE_METHOD_MATCH = YES;
				COPY_PHASE_STRIP = NO;
				DEBUG_INFORMATION_FORMAT = dwarf;
				ENABLE_STRICT_OBJC_MSGSEND = YES;
				ENABLE_TESTABILITY = YES;
				GCC_C_LANGUAGE_STANDARD = gnu11;
				GCC_DYNAMIC_NO_PIC = NO;
				GCC_NO_COMMON_BLOCKS = NO;
				GCC_OPTIMIZATION_LEVEL = 0;
				GCC_PREPROCESSOR_DEFINITIONS = (
					"DEBUG=1",
					"$(inherited)",
				);
				GCC_WARN_64_TO_32_BIT_CONVERSION = YES;
				GCC_WARN_ABOUT_RETURN_TYPE = YES_ERROR;
				GCC_WARN_UNDECLARED_SELECTOR = YES;
				GCC_WARN_UNINITIALIZED_AUTOS = YES_AGGRESSIVE;
				GCC_WARN_UNUSED_FUNCTION = YES;
				GCC_WARN_UNUSED_VARIABLE = YES;
				IPHONEOS_DEPLOYMENT_TARGET = 15.2;
				MTL_ENABLE_DEBUG_INFO = INCLUDE_SOURCE;
				MTL_FAST_MATH = YES;
				ONLY_ACTIVE_ARCH = YES;
				SDKROOT = iphoneos;
				SWIFT_ACTIVE_COMPILATION_CONDITIONS = DEBUG;
				SWIFT_OPTIMIZATION_LEVEL = "-Onone";
			};
			name = Debug;
		};
		19B30CDC2799E2B700E8AB57 /* Release */ = {
			isa = XCBuildConfiguration;
			buildSettings = {
				ALWAYS_SEARCH_USER_PATHS = NO;
				CLANG_ANALYZER_NONNULL = YES;
				CLANG_ANALYZER_NUMBER_OBJECT_CONVERSION = YES_AGGRESSIVE;
				CLANG_CXX_LANGUAGE_STANDARD = "gnu++17";
				CLANG_CXX_LIBRARY = "libc++";
				CLANG_ENABLE_MODULES = YES;
				CLANG_ENABLE_OBJC_ARC = YES;
				CLANG_ENABLE_OBJC_WEAK = YES;
				CLANG_WARN_BLOCK_CAPTURE_AUTORELEASING = YES;
				CLANG_WARN_BOOL_CONVERSION = YES;
				CLANG_WARN_COMMA = YES;
				CLANG_WARN_CONSTANT_CONVERSION = YES;
				CLANG_WARN_DEPRECATED_OBJC_IMPLEMENTATIONS = YES;
				CLANG_WARN_DIRECT_OBJC_ISA_USAGE = YES_ERROR;
				CLANG_WARN_DOCUMENTATION_COMMENTS = YES;
				CLANG_WARN_EMPTY_BODY = YES;
				CLANG_WARN_ENUM_CONVERSION = YES;
				CLANG_WARN_INFINITE_RECURSION = YES;
				CLANG_WARN_INT_CONVERSION = YES;
				CLANG_WARN_NON_LITERAL_NULL_CONVERSION = YES;
				CLANG_WARN_OBJC_IMPLICIT_RETAIN_SELF = YES;
				CLANG_WARN_OBJC_LITERAL_CONVERSION = YES;
				CLANG_WARN_OBJC_ROOT_CLASS = YES_ERROR;
				CLANG_WARN_QUOTED_INCLUDE_IN_FRAMEWORK_HEADER = YES;
				CLANG_WARN_RANGE_LOOP_ANALYSIS = YES;
				CLANG_WARN_STRICT_PROTOTYPES = YES;
				CLANG_WARN_SUSPICIOUS_MOVE = YES;
				CLANG_WARN_UNGUARDED_AVAILABILITY = YES_AGGRESSIVE;
				CLANG_WARN_UNREACHABLE_CODE = YES;
				CLANG_WARN__DUPLICATE_METHOD_MATCH = YES;
				COPY_PHASE_STRIP = NO;
				DEBUG_INFORMATION_FORMAT = "dwarf-with-dsym";
				ENABLE_NS_ASSERTIONS = NO;
				ENABLE_STRICT_OBJC_MSGSEND = YES;
				GCC_C_LANGUAGE_STANDARD = gnu11;
				GCC_NO_COMMON_BLOCKS = NO;
				GCC_WARN_64_TO_32_BIT_CONVERSION = YES;
				GCC_WARN_ABOUT_RETURN_TYPE = YES_ERROR;
				GCC_WARN_UNDECLARED_SELECTOR = YES;
				GCC_WARN_UNINITIALIZED_AUTOS = YES_AGGRESSIVE;
				GCC_WARN_UNUSED_FUNCTION = YES;
				GCC_WARN_UNUSED_VARIABLE = YES;
				IPHONEOS_DEPLOYMENT_TARGET = 15.2;
				MTL_ENABLE_DEBUG_INFO = NO;
				MTL_FAST_MATH = YES;
				SDKROOT = iphoneos;
				SWIFT_COMPILATION_MODE = wholemodule;
				SWIFT_OPTIMIZATION_LEVEL = "-O";
				VALIDATE_PRODUCT = YES;
			};
			name = Release;
		};
		19B30CDE2799E2B700E8AB57 /* Debug */ = {
			isa = XCBuildConfiguration;
			baseConfigurationReference = 4A6C40770332923D89C5774C /* Pods-digid.debug.xcconfig */;
			buildSettings = {
				ASSETCATALOG_COMPILER_APPICON_NAME = AppIcon;
				ASSETCATALOG_COMPILER_GLOBAL_ACCENT_COLOR_NAME = AccentColor;
				CODE_SIGN_STYLE = Automatic;
				CURRENT_PROJECT_VERSION = 1;
				DEVELOPMENT_ASSET_PATHS = "\"digid/Preview Content\"";
				DEVELOPMENT_TEAM = V4RB4N8Q85;
				ENABLE_PREVIEWS = YES;
				GCC_NO_COMMON_BLOCKS = NO;
				GENERATE_INFOPLIST_FILE = YES;
				INFOPLIST_KEY_UIApplicationSceneManifest_Generation = YES;
				INFOPLIST_KEY_UIApplicationSupportsIndirectInputEvents = YES;
				INFOPLIST_KEY_UILaunchScreen_Generation = YES;
				INFOPLIST_KEY_UISupportedInterfaceOrientations_iPad = "UIInterfaceOrientationPortrait UIInterfaceOrientationPortraitUpsideDown UIInterfaceOrientationLandscapeLeft UIInterfaceOrientationLandscapeRight";
				INFOPLIST_KEY_UISupportedInterfaceOrientations_iPhone = "UIInterfaceOrientationPortrait UIInterfaceOrientationLandscapeLeft UIInterfaceOrientationLandscapeRight";
				LD_RUNPATH_SEARCH_PATHS = (
					"$(inherited)",
					"@executable_path/Frameworks",
				);
				MARKETING_VERSION = 1.0;
				PRODUCT_BUNDLE_IDENTIFIER = com.digid;
				PRODUCT_NAME = "$(TARGET_NAME)";
				SWIFT_EMIT_LOC_STRINGS = YES;
				SWIFT_VERSION = 5.0;
				TARGETED_DEVICE_FAMILY = "1,2";
			};
			name = Debug;
		};
		19B30CDF2799E2B700E8AB57 /* Release */ = {
			isa = XCBuildConfiguration;
			baseConfigurationReference = 0B4E2685BFCA74C189EFAD69 /* Pods-digid.release.xcconfig */;
			buildSettings = {
				ASSETCATALOG_COMPILER_APPICON_NAME = AppIcon;
				ASSETCATALOG_COMPILER_GLOBAL_ACCENT_COLOR_NAME = AccentColor;
				CODE_SIGN_STYLE = Automatic;
				CURRENT_PROJECT_VERSION = 1;
				DEVELOPMENT_ASSET_PATHS = "\"digid/Preview Content\"";
				DEVELOPMENT_TEAM = V4RB4N8Q85;
				ENABLE_PREVIEWS = YES;
				GCC_NO_COMMON_BLOCKS = NO;
				GENERATE_INFOPLIST_FILE = YES;
				INFOPLIST_KEY_UIApplicationSceneManifest_Generation = YES;
				INFOPLIST_KEY_UIApplicationSupportsIndirectInputEvents = YES;
				INFOPLIST_KEY_UILaunchScreen_Generation = YES;
				INFOPLIST_KEY_UISupportedInterfaceOrientations_iPad = "UIInterfaceOrientationPortrait UIInterfaceOrientationPortraitUpsideDown UIInterfaceOrientationLandscapeLeft UIInterfaceOrientationLandscapeRight";
				INFOPLIST_KEY_UISupportedInterfaceOrientations_iPhone = "UIInterfaceOrientationPortrait UIInterfaceOrientationLandscapeLeft UIInterfaceOrientationLandscapeRight";
				LD_RUNPATH_SEARCH_PATHS = (
					"$(inherited)",
					"@executable_path/Frameworks",
				);
				MARKETING_VERSION = 1.0;
				PRODUCT_BUNDLE_IDENTIFIER = com.digid;
				PRODUCT_NAME = "$(TARGET_NAME)";
				SWIFT_EMIT_LOC_STRINGS = YES;
				SWIFT_VERSION = 5.0;
				TARGETED_DEVICE_FAMILY = "1,2";
			};
			name = Release;
		};
/* End XCBuildConfiguration section */

/* Begin XCConfigurationList section */
		19B30CCA2799E2B600E8AB57 /* Build configuration list for PBXProject "digid" */ = {
			isa = XCConfigurationList;
			buildConfigurations = (
				19B30CDB2799E2B700E8AB57 /* Debug */,
				19B30CDC2799E2B700E8AB57 /* Release */,
			);
			defaultConfigurationIsVisible = 0;
			defaultConfigurationName = Release;
		};
		19B30CDD2799E2B700E8AB57 /* Build configuration list for PBXNativeTarget "digid" */ = {
			isa = XCConfigurationList;
			buildConfigurations = (
				19B30CDE2799E2B700E8AB57 /* Debug */,
				19B30CDF2799E2B700E8AB57 /* Release */,
			);
			defaultConfigurationIsVisible = 0;
			defaultConfigurationName = Release;
		};
/* End XCConfigurationList section */
	};
	rootObject = 19B30CC72799E2B600E8AB57 /* Project object */;
}
